// !$*UTF8*$!
{
	archiveVersion = 1;
	classes = {
	};
	objectVersion = 55;
	objects = {

/* Begin PBXBuildFile section */
		634107D328803B7B00AF321A /* Post_2.json in Resources */ = {isa = PBXBuildFile; fileRef = 6360BFEB287FE5E60034A248 /* Post_2.json */; };
		63476DFC287FDB4E005F322C /* AppDelegate.swift in Sources */ = {isa = PBXBuildFile; fileRef = 63476DFB287FDB4E005F322C /* AppDelegate.swift */; };
		63476DFE287FDB4E005F322C /* SceneDelegate.swift in Sources */ = {isa = PBXBuildFile; fileRef = 63476DFD287FDB4E005F322C /* SceneDelegate.swift */; };
		63476E03287FDB4E005F322C /* Main.storyboard in Resources */ = {isa = PBXBuildFile; fileRef = 63476E01287FDB4E005F322C /* Main.storyboard */; };
		63476E05287FDB50005F322C /* Assets.xcassets in Resources */ = {isa = PBXBuildFile; fileRef = 63476E04287FDB50005F322C /* Assets.xcassets */; };
		63476E08287FDB50005F322C /* LaunchScreen.storyboard in Resources */ = {isa = PBXBuildFile; fileRef = 63476E06287FDB50005F322C /* LaunchScreen.storyboard */; };
		6360BFED287FE6170034A248 /* QuestionsList.json in Resources */ = {isa = PBXBuildFile; fileRef = 6360BFEC287FE6170034A248 /* QuestionsList.json */; };
		6360BFEF287FE6560034A248 /* Post_4.json in Resources */ = {isa = PBXBuildFile; fileRef = 6360BFEE287FE6560034A248 /* Post_4.json */; };
		6360BFF2287FE6960034A248 /* Movie.swift in Sources */ = {isa = PBXBuildFile; fileRef = 6360BFF1287FE6960034A248 /* Movie.swift */; };
		6360BFF4287FE6EC0034A248 /* Question.swift in Sources */ = {isa = PBXBuildFile; fileRef = 6360BFF3287FE6EC0034A248 /* Question.swift */; };
		6360BFF6287FE7EC0034A248 /* Answer.swift in Sources */ = {isa = PBXBuildFile; fileRef = 6360BFF5287FE7EC0034A248 /* Answer.swift */; };
		6360BFF9287FE8B60034A248 /* NetworkingProtocols.swift in Sources */ = {isa = PBXBuildFile; fileRef = 6360BFF8287FE8B60034A248 /* NetworkingProtocols.swift */; };
		6360BFFB287FE9800034A248 /* ApiManager.swift in Sources */ = {isa = PBXBuildFile; fileRef = 6360BFFA287FE9800034A248 /* ApiManager.swift */; };
		6360BFFD287FEA080034A248 /* Errors.swift in Sources */ = {isa = PBXBuildFile; fileRef = 6360BFFC287FEA080034A248 /* Errors.swift */; };
		6360C001287FEB880034A248 /* HomePageVC.swift in Sources */ = {isa = PBXBuildFile; fileRef = 6360C000287FEB880034A248 /* HomePageVC.swift */; };
		6360C003287FEC1A0034A248 /* HomePageModel.swift in Sources */ = {isa = PBXBuildFile; fileRef = 6360C002287FEC1A0034A248 /* HomePageModel.swift */; };
		6360C006287FEC610034A248 /* TypeAlias.swift in Sources */ = {isa = PBXBuildFile; fileRef = 6360C005287FEC610034A248 /* TypeAlias.swift */; };
		6360C008287FEDF90034A248 /* BaseModel.swift in Sources */ = {isa = PBXBuildFile; fileRef = 6360C007287FEDF90034A248 /* BaseModel.swift */; };
		6360C00D287FF10B0034A248 /* MovieTableViewCell.swift in Sources */ = {isa = PBXBuildFile; fileRef = 6360C00B287FF10B0034A248 /* MovieTableViewCell.swift */; };
		6360C00E287FF10B0034A248 /* MovieTableViewCell.xib in Resources */ = {isa = PBXBuildFile; fileRef = 6360C00C287FF10B0034A248 /* MovieTableViewCell.xib */; };
		6360C013287FF2AE0034A248 /* UIImage.swift in Sources */ = {isa = PBXBuildFile; fileRef = 6360C012287FF2AE0034A248 /* UIImage.swift */; };
		6360C01A287FF96E0034A248 /* Movies.json in Resources */ = {isa = PBXBuildFile; fileRef = 6360C019287FF96E0034A248 /* Movies.json */; };
		6360C01D287FF9C60034A248 /* PlayerPageVC.swift in Sources */ = {isa = PBXBuildFile; fileRef = 6360C01B287FF9C60034A248 /* PlayerPageVC.swift */; };
		6360C01E287FF9C60034A248 /* PlayerPageVC.xib in Resources */ = {isa = PBXBuildFile; fileRef = 6360C01C287FF9C60034A248 /* PlayerPageVC.xib */; };
		6360C020287FFA730034A248 /* PlayerPageModel.swift in Sources */ = {isa = PBXBuildFile; fileRef = 6360C01F287FFA730034A248 /* PlayerPageModel.swift */; };
		6360C0232880018D0034A248 /* XrayMainView.swift in Sources */ = {isa = PBXBuildFile; fileRef = 6360C0222880018D0034A248 /* XrayMainView.swift */; };
		6360C027288001DB0034A248 /* DesignableXIBView.swift in Sources */ = {isa = PBXBuildFile; fileRef = 6360C026288001DB0034A248 /* DesignableXIBView.swift */; };
		6360C029288002710034A248 /* UIView.swift in Sources */ = {isa = PBXBuildFile; fileRef = 6360C028288002710034A248 /* UIView.swift */; };
		6360C02C2880056A0034A248 /* NavigationTitleCollectionViewCell.swift in Sources */ = {isa = PBXBuildFile; fileRef = 6360C02A2880056A0034A248 /* NavigationTitleCollectionViewCell.swift */; };
		6360C02D2880056A0034A248 /* NavigationTitleCollectionViewCell.xib in Resources */ = {isa = PBXBuildFile; fileRef = 6360C02B2880056A0034A248 /* NavigationTitleCollectionViewCell.xib */; };
		6360C0302880066F0034A248 /* QTileTableViewCell.swift in Sources */ = {isa = PBXBuildFile; fileRef = 6360C02E2880066F0034A248 /* QTileTableViewCell.swift */; };
		6360C0312880066F0034A248 /* QTileTableViewCell.xib in Resources */ = {isa = PBXBuildFile; fileRef = 6360C02F2880066F0034A248 /* QTileTableViewCell.xib */; };
		6360C033288006CE0034A248 /* XrayMainView.xib in Resources */ = {isa = PBXBuildFile; fileRef = 6360C032288006CE0034A248 /* XrayMainView.xib */; };
		6360C037288018830034A248 /* CreatePostPageVC.swift in Sources */ = {isa = PBXBuildFile; fileRef = 6360C035288018830034A248 /* CreatePostPageVC.swift */; };
		6360C038288018830034A248 /* CreatePostPageVC.xib in Resources */ = {isa = PBXBuildFile; fileRef = 6360C036288018830034A248 /* CreatePostPageVC.xib */; };
		6360C03C288018DE0034A248 /* DiscussionPageVC.swift in Sources */ = {isa = PBXBuildFile; fileRef = 6360C03A288018DE0034A248 /* DiscussionPageVC.swift */; };
		6360C03D288018DE0034A248 /* DiscussionPageVC.xib in Resources */ = {isa = PBXBuildFile; fileRef = 6360C03B288018DE0034A248 /* DiscussionPageVC.xib */; };
		6360C04128801A8D0034A248 /* AnswerTableViewCell.swift in Sources */ = {isa = PBXBuildFile; fileRef = 6360C03F28801A8D0034A248 /* AnswerTableViewCell.swift */; };
		6360C04228801A8D0034A248 /* AnswerTableViewCell.xib in Resources */ = {isa = PBXBuildFile; fileRef = 6360C04028801A8D0034A248 /* AnswerTableViewCell.xib */; };
		6360C04C28802B300034A248 /* DiscussionPageModel.swift in Sources */ = {isa = PBXBuildFile; fileRef = 6360C04B28802B300034A248 /* DiscussionPageModel.swift */; };
		6360C04E28802B970034A248 /* Discussion.swift in Sources */ = {isa = PBXBuildFile; fileRef = 6360C04D28802B970034A248 /* Discussion.swift */; };
		6360C05028802DB50034A248 /* Helper.swift in Sources */ = {isa = PBXBuildFile; fileRef = 6360C04F28802DB50034A248 /* Helper.swift */; };
		6360C05228802E3E0034A248 /* CommandFactory.swift in Sources */ = {isa = PBXBuildFile; fileRef = 6360C05128802E3E0034A248 /* CommandFactory.swift */; };
/* End PBXBuildFile section */

/* Begin PBXFileReference section */
		63476DF8287FDB4E005F322C /* DiscussionForum.app */ = {isa = PBXFileReference; explicitFileType = wrapper.application; includeInIndex = 0; path = DiscussionForum.app; sourceTree = BUILT_PRODUCTS_DIR; };
		63476DFB287FDB4E005F322C /* AppDelegate.swift */ = {isa = PBXFileReference; lastKnownFileType = sourcecode.swift; path = AppDelegate.swift; sourceTree = "<group>"; };
		63476DFD287FDB4E005F322C /* SceneDelegate.swift */ = {isa = PBXFileReference; lastKnownFileType = sourcecode.swift; path = SceneDelegate.swift; sourceTree = "<group>"; };
		63476E02287FDB4E005F322C /* Base */ = {isa = PBXFileReference; lastKnownFileType = file.storyboard; name = Base; path = Base.lproj/Main.storyboard; sourceTree = "<group>"; };
		63476E04287FDB50005F322C /* Assets.xcassets */ = {isa = PBXFileReference; lastKnownFileType = folder.assetcatalog; path = Assets.xcassets; sourceTree = "<group>"; };
		63476E07287FDB50005F322C /* Base */ = {isa = PBXFileReference; lastKnownFileType = file.storyboard; name = Base; path = Base.lproj/LaunchScreen.storyboard; sourceTree = "<group>"; };
		63476E09287FDB50005F322C /* Info.plist */ = {isa = PBXFileReference; lastKnownFileType = text.plist.xml; path = Info.plist; sourceTree = "<group>"; };
		6360BFEB287FE5E60034A248 /* Post_2.json */ = {isa = PBXFileReference; lastKnownFileType = text.json; path = Post_2.json; sourceTree = "<group>"; };
		6360BFEC287FE6170034A248 /* QuestionsList.json */ = {isa = PBXFileReference; lastKnownFileType = text.json; path = QuestionsList.json; sourceTree = "<group>"; };
		6360BFEE287FE6560034A248 /* Post_4.json */ = {isa = PBXFileReference; lastKnownFileType = text.json; path = Post_4.json; sourceTree = "<group>"; };
		6360BFF1287FE6960034A248 /* Movie.swift */ = {isa = PBXFileReference; lastKnownFileType = sourcecode.swift; path = Movie.swift; sourceTree = "<group>"; };
		6360BFF3287FE6EC0034A248 /* Question.swift */ = {isa = PBXFileReference; lastKnownFileType = sourcecode.swift; path = Question.swift; sourceTree = "<group>"; };
		6360BFF5287FE7EC0034A248 /* Answer.swift */ = {isa = PBXFileReference; lastKnownFileType = sourcecode.swift; path = Answer.swift; sourceTree = "<group>"; };
		6360BFF8287FE8B60034A248 /* NetworkingProtocols.swift */ = {isa = PBXFileReference; lastKnownFileType = sourcecode.swift; path = NetworkingProtocols.swift; sourceTree = "<group>"; };
		6360BFFA287FE9800034A248 /* ApiManager.swift */ = {isa = PBXFileReference; lastKnownFileType = sourcecode.swift; path = ApiManager.swift; sourceTree = "<group>"; };
		6360BFFC287FEA080034A248 /* Errors.swift */ = {isa = PBXFileReference; lastKnownFileType = sourcecode.swift; path = Errors.swift; sourceTree = "<group>"; };
		6360C000287FEB880034A248 /* HomePageVC.swift */ = {isa = PBXFileReference; lastKnownFileType = sourcecode.swift; path = HomePageVC.swift; sourceTree = "<group>"; };
		6360C002287FEC1A0034A248 /* HomePageModel.swift */ = {isa = PBXFileReference; lastKnownFileType = sourcecode.swift; path = HomePageModel.swift; sourceTree = "<group>"; };
		6360C005287FEC610034A248 /* TypeAlias.swift */ = {isa = PBXFileReference; lastKnownFileType = sourcecode.swift; path = TypeAlias.swift; sourceTree = "<group>"; };
		6360C007287FEDF90034A248 /* BaseModel.swift */ = {isa = PBXFileReference; lastKnownFileType = sourcecode.swift; path = BaseModel.swift; sourceTree = "<group>"; };
		6360C00B287FF10B0034A248 /* MovieTableViewCell.swift */ = {isa = PBXFileReference; lastKnownFileType = sourcecode.swift; path = MovieTableViewCell.swift; sourceTree = "<group>"; };
		6360C00C287FF10B0034A248 /* MovieTableViewCell.xib */ = {isa = PBXFileReference; lastKnownFileType = file.xib; path = MovieTableViewCell.xib; sourceTree = "<group>"; };
		6360C012287FF2AE0034A248 /* UIImage.swift */ = {isa = PBXFileReference; lastKnownFileType = sourcecode.swift; path = UIImage.swift; sourceTree = "<group>"; };
		6360C019287FF96E0034A248 /* Movies.json */ = {isa = PBXFileReference; fileEncoding = 4; lastKnownFileType = text.json; path = Movies.json; sourceTree = "<group>"; };
		6360C01B287FF9C60034A248 /* PlayerPageVC.swift */ = {isa = PBXFileReference; lastKnownFileType = sourcecode.swift; path = PlayerPageVC.swift; sourceTree = "<group>"; };
		6360C01C287FF9C60034A248 /* PlayerPageVC.xib */ = {isa = PBXFileReference; lastKnownFileType = file.xib; path = PlayerPageVC.xib; sourceTree = "<group>"; };
		6360C01F287FFA730034A248 /* PlayerPageModel.swift */ = {isa = PBXFileReference; lastKnownFileType = sourcecode.swift; path = PlayerPageModel.swift; sourceTree = "<group>"; };
		6360C0222880018D0034A248 /* XrayMainView.swift */ = {isa = PBXFileReference; lastKnownFileType = sourcecode.swift; path = XrayMainView.swift; sourceTree = "<group>"; };
		6360C026288001DB0034A248 /* DesignableXIBView.swift */ = {isa = PBXFileReference; lastKnownFileType = sourcecode.swift; path = DesignableXIBView.swift; sourceTree = "<group>"; };
		6360C028288002710034A248 /* UIView.swift */ = {isa = PBXFileReference; lastKnownFileType = sourcecode.swift; path = UIView.swift; sourceTree = "<group>"; };
		6360C02A2880056A0034A248 /* NavigationTitleCollectionViewCell.swift */ = {isa = PBXFileReference; lastKnownFileType = sourcecode.swift; path = NavigationTitleCollectionViewCell.swift; sourceTree = "<group>"; };
		6360C02B2880056A0034A248 /* NavigationTitleCollectionViewCell.xib */ = {isa = PBXFileReference; lastKnownFileType = file.xib; path = NavigationTitleCollectionViewCell.xib; sourceTree = "<group>"; };
		6360C02E2880066F0034A248 /* QTileTableViewCell.swift */ = {isa = PBXFileReference; lastKnownFileType = sourcecode.swift; path = QTileTableViewCell.swift; sourceTree = "<group>"; };
		6360C02F2880066F0034A248 /* QTileTableViewCell.xib */ = {isa = PBXFileReference; lastKnownFileType = file.xib; path = QTileTableViewCell.xib; sourceTree = "<group>"; };
		6360C032288006CE0034A248 /* XrayMainView.xib */ = {isa = PBXFileReference; lastKnownFileType = file.xib; path = XrayMainView.xib; sourceTree = "<group>"; };
		6360C035288018830034A248 /* CreatePostPageVC.swift */ = {isa = PBXFileReference; lastKnownFileType = sourcecode.swift; path = CreatePostPageVC.swift; sourceTree = "<group>"; };
		6360C036288018830034A248 /* CreatePostPageVC.xib */ = {isa = PBXFileReference; lastKnownFileType = file.xib; path = CreatePostPageVC.xib; sourceTree = "<group>"; };
		6360C03A288018DE0034A248 /* DiscussionPageVC.swift */ = {isa = PBXFileReference; lastKnownFileType = sourcecode.swift; path = DiscussionPageVC.swift; sourceTree = "<group>"; };
		6360C03B288018DE0034A248 /* DiscussionPageVC.xib */ = {isa = PBXFileReference; lastKnownFileType = file.xib; path = DiscussionPageVC.xib; sourceTree = "<group>"; };
		6360C03F28801A8D0034A248 /* AnswerTableViewCell.swift */ = {isa = PBXFileReference; lastKnownFileType = sourcecode.swift; path = AnswerTableViewCell.swift; sourceTree = "<group>"; };
		6360C04028801A8D0034A248 /* AnswerTableViewCell.xib */ = {isa = PBXFileReference; lastKnownFileType = file.xib; path = AnswerTableViewCell.xib; sourceTree = "<group>"; };
		6360C04B28802B300034A248 /* DiscussionPageModel.swift */ = {isa = PBXFileReference; lastKnownFileType = sourcecode.swift; path = DiscussionPageModel.swift; sourceTree = "<group>"; };
		6360C04D28802B970034A248 /* Discussion.swift */ = {isa = PBXFileReference; lastKnownFileType = sourcecode.swift; path = Discussion.swift; sourceTree = "<group>"; };
		6360C04F28802DB50034A248 /* Helper.swift */ = {isa = PBXFileReference; lastKnownFileType = sourcecode.swift; path = Helper.swift; sourceTree = "<group>"; };
		6360C05128802E3E0034A248 /* CommandFactory.swift */ = {isa = PBXFileReference; lastKnownFileType = sourcecode.swift; path = CommandFactory.swift; sourceTree = "<group>"; };
/* End PBXFileReference section */

/* Begin PBXFrameworksBuildPhase section */
		63476DF5287FDB4E005F322C /* Frameworks */ = {
			isa = PBXFrameworksBuildPhase;
			buildActionMask = 2147483647;
			files = (
			);
			runOnlyForDeploymentPostprocessing = 0;
		};
/* End PBXFrameworksBuildPhase section */

/* Begin PBXGroup section */
		63476DEF287FDB4E005F322C = {
			isa = PBXGroup;
			children = (
				63476DFA287FDB4E005F322C /* DiscussionForum */,
				63476DF9287FDB4E005F322C /* Products */,
			);
			sourceTree = "<group>";
		};
		63476DF9287FDB4E005F322C /* Products */ = {
			isa = PBXGroup;
			children = (
				63476DF8287FDB4E005F322C /* DiscussionForum.app */,
			);
			name = Products;
			sourceTree = "<group>";
		};
		63476DFA287FDB4E005F322C /* DiscussionForum */ = {
			isa = PBXGroup;
			children = (
				6360C011287FF2990034A248 /* Extensions */,
				6360C009287FF0C30034A248 /* Views */,
				6360BFFE287FEB400034A248 /* Pages */,
				6360BFF7287FE89A0034A248 /* Networking */,
				6360BFF0287FE6840034A248 /* Models */,
				6360BFE9287FE4F10034A248 /* Data */,
				6360C004287FEC4E0034A248 /* Other */,
				63476DFB287FDB4E005F322C /* AppDelegate.swift */,
				63476DFD287FDB4E005F322C /* SceneDelegate.swift */,
				63476E01287FDB4E005F322C /* Main.storyboard */,
				63476E04287FDB50005F322C /* Assets.xcassets */,
				63476E06287FDB50005F322C /* LaunchScreen.storyboard */,
				63476E09287FDB50005F322C /* Info.plist */,
			);
			path = DiscussionForum;
			sourceTree = "<group>";
		};
		6360BFE9287FE4F10034A248 /* Data */ = {
			isa = PBXGroup;
			children = (
				6360C019287FF96E0034A248 /* Movies.json */,
				6360BFEB287FE5E60034A248 /* Post_2.json */,
				6360BFEC287FE6170034A248 /* QuestionsList.json */,
				6360BFEE287FE6560034A248 /* Post_4.json */,
			);
			path = Data;
			sourceTree = "<group>";
		};
		6360BFF0287FE6840034A248 /* Models */ = {
			isa = PBXGroup;
			children = (
				6360BFF1287FE6960034A248 /* Movie.swift */,
				6360BFF3287FE6EC0034A248 /* Question.swift */,
				6360BFF5287FE7EC0034A248 /* Answer.swift */,
				6360C04D28802B970034A248 /* Discussion.swift */,
			);
			path = Models;
			sourceTree = "<group>";
		};
		6360BFF7287FE89A0034A248 /* Networking */ = {
			isa = PBXGroup;
			children = (
				6360BFF8287FE8B60034A248 /* NetworkingProtocols.swift */,
				6360BFFA287FE9800034A248 /* ApiManager.swift */,
				6360BFFC287FEA080034A248 /* Errors.swift */,
			);
			path = Networking;
			sourceTree = "<group>";
		};
		6360BFFE287FEB400034A248 /* Pages */ = {
			isa = PBXGroup;
			children = (
				6360C007287FEDF90034A248 /* BaseModel.swift */,
				6360C026288001DB0034A248 /* DesignableXIBView.swift */,
				6360BFFF287FEB500034A248 /* HomePage */,
				6360C016287FF8F40034A248 /* PlayerPage */,
				6360C0342880185C0034A248 /* CreatePostPage */,
				6360C039288018C60034A248 /* DiscussionPage */,
			);
			path = Pages;
			sourceTree = "<group>";
		};
		6360BFFF287FEB500034A248 /* HomePage */ = {
			isa = PBXGroup;
			children = (
				6360C00A287FF0DF0034A248 /* Views */,
				6360C000287FEB880034A248 /* HomePageVC.swift */,
				6360C002287FEC1A0034A248 /* HomePageModel.swift */,
			);
			path = HomePage;
			sourceTree = "<group>";
		};
		6360C004287FEC4E0034A248 /* Other */ = {
			isa = PBXGroup;
			children = (
				6360C005287FEC610034A248 /* TypeAlias.swift */,
				6360C04F28802DB50034A248 /* Helper.swift */,
				6360C05128802E3E0034A248 /* CommandFactory.swift */,
			);
			path = Other;
			sourceTree = "<group>";
		};
		6360C009287FF0C30034A248 /* Views */ = {
			isa = PBXGroup;
			children = (
			);
			path = Views;
			sourceTree = "<group>";
		};
		6360C00A287FF0DF0034A248 /* Views */ = {
			isa = PBXGroup;
			children = (
				6360C00B287FF10B0034A248 /* MovieTableViewCell.swift */,
				6360C00C287FF10B0034A248 /* MovieTableViewCell.xib */,
			);
			path = Views;
			sourceTree = "<group>";
		};
		6360C011287FF2990034A248 /* Extensions */ = {
			isa = PBXGroup;
			children = (
				6360C012287FF2AE0034A248 /* UIImage.swift */,
				6360C028288002710034A248 /* UIView.swift */,
			);
			path = Extensions;
			sourceTree = "<group>";
		};
		6360C016287FF8F40034A248 /* PlayerPage */ = {
			isa = PBXGroup;
			children = (
				6360C021288001770034A248 /* Views */,
				6360C01B287FF9C60034A248 /* PlayerPageVC.swift */,
				6360C01C287FF9C60034A248 /* PlayerPageVC.xib */,
				6360C01F287FFA730034A248 /* PlayerPageModel.swift */,
			);
			path = PlayerPage;
			sourceTree = "<group>";
		};
		6360C021288001770034A248 /* Views */ = {
			isa = PBXGroup;
			children = (
				6360C0222880018D0034A248 /* XrayMainView.swift */,
				6360C032288006CE0034A248 /* XrayMainView.xib */,
				6360C02A2880056A0034A248 /* NavigationTitleCollectionViewCell.swift */,
				6360C02B2880056A0034A248 /* NavigationTitleCollectionViewCell.xib */,
				6360C02E2880066F0034A248 /* QTileTableViewCell.swift */,
				6360C02F2880066F0034A248 /* QTileTableViewCell.xib */,
			);
			path = Views;
			sourceTree = "<group>";
		};
		6360C0342880185C0034A248 /* CreatePostPage */ = {
			isa = PBXGroup;
			children = (
				6360C035288018830034A248 /* CreatePostPageVC.swift */,
				6360C036288018830034A248 /* CreatePostPageVC.xib */,
			);
			path = CreatePostPage;
			sourceTree = "<group>";
		};
		6360C039288018C60034A248 /* DiscussionPage */ = {
			isa = PBXGroup;
			children = (
				6360C03E28801A670034A248 /* Views */,
				6360C03A288018DE0034A248 /* DiscussionPageVC.swift */,
				6360C03B288018DE0034A248 /* DiscussionPageVC.xib */,
				6360C04B28802B300034A248 /* DiscussionPageModel.swift */,
			);
			path = DiscussionPage;
			sourceTree = "<group>";
		};
		6360C03E28801A670034A248 /* Views */ = {
			isa = PBXGroup;
			children = (
				6360C03F28801A8D0034A248 /* AnswerTableViewCell.swift */,
				6360C04028801A8D0034A248 /* AnswerTableViewCell.xib */,
			);
			path = Views;
			sourceTree = "<group>";
		};
/* End PBXGroup section */

/* Begin PBXNativeTarget section */
		63476DF7287FDB4E005F322C /* DiscussionForum */ = {
			isa = PBXNativeTarget;
			buildConfigurationList = 63476E0C287FDB50005F322C /* Build configuration list for PBXNativeTarget "DiscussionForum" */;
			buildPhases = (
				63476DF4287FDB4E005F322C /* Sources */,
				63476DF5287FDB4E005F322C /* Frameworks */,
				63476DF6287FDB4E005F322C /* Resources */,
			);
			buildRules = (
			);
			dependencies = (
			);
			name = DiscussionForum;
			productName = DiscussionForum;
			productReference = 63476DF8287FDB4E005F322C /* DiscussionForum.app */;
			productType = "com.apple.product-type.application";
		};
/* End PBXNativeTarget section */

/* Begin PBXProject section */
		63476DF0287FDB4E005F322C /* Project object */ = {
			isa = PBXProject;
			attributes = {
				BuildIndependentTargetsInParallel = 1;
				LastSwiftUpdateCheck = 1340;
				LastUpgradeCheck = 1340;
				TargetAttributes = {
					63476DF7287FDB4E005F322C = {
						CreatedOnToolsVersion = 13.4.1;
					};
				};
			};
			buildConfigurationList = 63476DF3287FDB4E005F322C /* Build configuration list for PBXProject "DiscussionForum" */;
			compatibilityVersion = "Xcode 13.0";
			developmentRegion = en;
			hasScannedForEncodings = 0;
			knownRegions = (
				en,
				Base,
			);
			mainGroup = 63476DEF287FDB4E005F322C;
			productRefGroup = 63476DF9287FDB4E005F322C /* Products */;
			projectDirPath = "";
			projectRoot = "";
			targets = (
				63476DF7287FDB4E005F322C /* DiscussionForum */,
			);
		};
/* End PBXProject section */

/* Begin PBXResourcesBuildPhase section */
		63476DF6287FDB4E005F322C /* Resources */ = {
			isa = PBXResourcesBuildPhase;
			buildActionMask = 2147483647;
			files = (
				6360C01A287FF96E0034A248 /* Movies.json in Resources */,
				6360BFEF287FE6560034A248 /* Post_4.json in Resources */,
				63476E08287FDB50005F322C /* LaunchScreen.storyboard in Resources */,
				6360C00E287FF10B0034A248 /* MovieTableViewCell.xib in Resources */,
				6360C01E287FF9C60034A248 /* PlayerPageVC.xib in Resources */,
				6360C038288018830034A248 /* CreatePostPageVC.xib in Resources */,
				6360BFED287FE6170034A248 /* QuestionsList.json in Resources */,
				63476E05287FDB50005F322C /* Assets.xcassets in Resources */,
				6360C03D288018DE0034A248 /* DiscussionPageVC.xib in Resources */,
				6360C02D2880056A0034A248 /* NavigationTitleCollectionViewCell.xib in Resources */,
				63476E03287FDB4E005F322C /* Main.storyboard in Resources */,
				634107D328803B7B00AF321A /* Post_2.json in Resources */,
				6360C04228801A8D0034A248 /* AnswerTableViewCell.xib in Resources */,
				6360C033288006CE0034A248 /* XrayMainView.xib in Resources */,
				6360C0312880066F0034A248 /* QTileTableViewCell.xib in Resources */,
			);
			runOnlyForDeploymentPostprocessing = 0;
		};
/* End PBXResourcesBuildPhase section */

/* Begin PBXSourcesBuildPhase section */
		63476DF4287FDB4E005F322C /* Sources */ = {
			isa = PBXSourcesBuildPhase;
			buildActionMask = 2147483647;
			files = (
				6360C001287FEB880034A248 /* HomePageVC.swift in Sources */,
				6360C0232880018D0034A248 /* XrayMainView.swift in Sources */,
				6360C04C28802B300034A248 /* DiscussionPageModel.swift in Sources */,
				6360BFFB287FE9800034A248 /* ApiManager.swift in Sources */,
				6360C008287FEDF90034A248 /* BaseModel.swift in Sources */,
				6360C05028802DB50034A248 /* Helper.swift in Sources */,
				6360BFF9287FE8B60034A248 /* NetworkingProtocols.swift in Sources */,
				6360C03C288018DE0034A248 /* DiscussionPageVC.swift in Sources */,
				6360BFF4287FE6EC0034A248 /* Question.swift in Sources */,
				6360C04128801A8D0034A248 /* AnswerTableViewCell.swift in Sources */,
				63476DFC287FDB4E005F322C /* AppDelegate.swift in Sources */,
				6360C006287FEC610034A248 /* TypeAlias.swift in Sources */,
				6360C01D287FF9C60034A248 /* PlayerPageVC.swift in Sources */,
				6360C0302880066F0034A248 /* QTileTableViewCell.swift in Sources */,
				6360C04E28802B970034A248 /* Discussion.swift in Sources */,
				6360BFF6287FE7EC0034A248 /* Answer.swift in Sources */,
				63476DFE287FDB4E005F322C /* SceneDelegate.swift in Sources */,
				6360C003287FEC1A0034A248 /* HomePageModel.swift in Sources */,
				6360C020287FFA730034A248 /* PlayerPageModel.swift in Sources */,
				6360C029288002710034A248 /* UIView.swift in Sources */,
				6360C037288018830034A248 /* CreatePostPageVC.swift in Sources */,
				6360BFFD287FEA080034A248 /* Errors.swift in Sources */,
				6360BFF2287FE6960034A248 /* Movie.swift in Sources */,
				6360C00D287FF10B0034A248 /* MovieTableViewCell.swift in Sources */,
				6360C013287FF2AE0034A248 /* UIImage.swift in Sources */,
				6360C027288001DB0034A248 /* DesignableXIBView.swift in Sources */,
				6360C05228802E3E0034A248 /* CommandFactory.swift in Sources */,
				6360C02C2880056A0034A248 /* NavigationTitleCollectionViewCell.swift in Sources */,
			);
			runOnlyForDeploymentPostprocessing = 0;
		};
/* End PBXSourcesBuildPhase section */

/* Begin PBXVariantGroup section */
		63476E01287FDB4E005F322C /* Main.storyboard */ = {
			isa = PBXVariantGroup;
			children = (
				63476E02287FDB4E005F322C /* Base */,
			);
			name = Main.storyboard;
			sourceTree = "<group>";
		};
		63476E06287FDB50005F322C /* LaunchScreen.storyboard */ = {
			isa = PBXVariantGroup;
			children = (
				63476E07287FDB50005F322C /* Base */,
			);
			name = LaunchScreen.storyboard;
			sourceTree = "<group>";
		};
/* End PBXVariantGroup section */

/* Begin XCBuildConfiguration section */
		63476E0A287FDB50005F322C /* Debug */ = {
			isa = XCBuildConfiguration;
			buildSettings = {
				ALWAYS_SEARCH_USER_PATHS = NO;
				CLANG_ANALYZER_NONNULL = YES;
				CLANG_ANALYZER_NUMBER_OBJECT_CONVERSION = YES_AGGRESSIVE;
				CLANG_CXX_LANGUAGE_STANDARD = "gnu++17";
				CLANG_ENABLE_MODULES = YES;
				CLANG_ENABLE_OBJC_ARC = YES;
				CLANG_ENABLE_OBJC_WEAK = YES;
				CLANG_WARN_BLOCK_CAPTURE_AUTORELEASING = YES;
				CLANG_WARN_BOOL_CONVERSION = YES;
				CLANG_WARN_COMMA = YES;
				CLANG_WARN_CONSTANT_CONVERSION = YES;
				CLANG_WARN_DEPRECATED_OBJC_IMPLEMENTATIONS = YES;
				CLANG_WARN_DIRECT_OBJC_ISA_USAGE = YES_ERROR;
				CLANG_WARN_DOCUMENTATION_COMMENTS = YES;
				CLANG_WARN_EMPTY_BODY = YES;
				CLANG_WARN_ENUM_CONVERSION = YES;
				CLANG_WARN_INFINITE_RECURSION = YES;
				CLANG_WARN_INT_CONVERSION = YES;
				CLANG_WARN_NON_LITERAL_NULL_CONVERSION = YES;
				CLANG_WARN_OBJC_IMPLICIT_RETAIN_SELF = YES;
				CLANG_WARN_OBJC_LITERAL_CONVERSION = YES;
				CLANG_WARN_OBJC_ROOT_CLASS = YES_ERROR;
				CLANG_WARN_QUOTED_INCLUDE_IN_FRAMEWORK_HEADER = YES;
				CLANG_WARN_RANGE_LOOP_ANALYSIS = YES;
				CLANG_WARN_STRICT_PROTOTYPES = YES;
				CLANG_WARN_SUSPICIOUS_MOVE = YES;
				CLANG_WARN_UNGUARDED_AVAILABILITY = YES_AGGRESSIVE;
				CLANG_WARN_UNREACHABLE_CODE = YES;
				CLANG_WARN__DUPLICATE_METHOD_MATCH = YES;
				COPY_PHASE_STRIP = NO;
				DEBUG_INFORMATION_FORMAT = dwarf;
				ENABLE_STRICT_OBJC_MSGSEND = YES;
				ENABLE_TESTABILITY = YES;
				GCC_C_LANGUAGE_STANDARD = gnu11;
				GCC_DYNAMIC_NO_PIC = NO;
				GCC_NO_COMMON_BLOCKS = YES;
				GCC_OPTIMIZATION_LEVEL = 0;
				GCC_PREPROCESSOR_DEFINITIONS = (
					"DEBUG=1",
					"$(inherited)",
				);
				GCC_WARN_64_TO_32_BIT_CONVERSION = YES;
				GCC_WARN_ABOUT_RETURN_TYPE = YES_ERROR;
				GCC_WARN_UNDECLARED_SELECTOR = YES;
				GCC_WARN_UNINITIALIZED_AUTOS = YES_AGGRESSIVE;
				GCC_WARN_UNUSED_FUNCTION = YES;
				GCC_WARN_UNUSED_VARIABLE = YES;
				IPHONEOS_DEPLOYMENT_TARGET = 15.5;
				MTL_ENABLE_DEBUG_INFO = INCLUDE_SOURCE;
				MTL_FAST_MATH = YES;
				ONLY_ACTIVE_ARCH = YES;
				SDKROOT = iphoneos;
				SWIFT_ACTIVE_COMPILATION_CONDITIONS = DEBUG;
				SWIFT_OPTIMIZATION_LEVEL = "-Onone";
			};
			name = Debug;
		};
		63476E0B287FDB50005F322C /* Release */ = {
			isa = XCBuildConfiguration;
			buildSettings = {
				ALWAYS_SEARCH_USER_PATHS = NO;
				CLANG_ANALYZER_NONNULL = YES;
				CLANG_ANALYZER_NUMBER_OBJECT_CONVERSION = YES_AGGRESSIVE;
				CLANG_CXX_LANGUAGE_STANDARD = "gnu++17";
				CLANG_ENABLE_MODULES = YES;
				CLANG_ENABLE_OBJC_ARC = YES;
				CLANG_ENABLE_OBJC_WEAK = YES;
				CLANG_WARN_BLOCK_CAPTURE_AUTORELEASING = YES;
				CLANG_WARN_BOOL_CONVERSION = YES;
				CLANG_WARN_COMMA = YES;
				CLANG_WARN_CONSTANT_CONVERSION = YES;
				CLANG_WARN_DEPRECATED_OBJC_IMPLEMENTATIONS = YES;
				CLANG_WARN_DIRECT_OBJC_ISA_USAGE = YES_ERROR;
				CLANG_WARN_DOCUMENTATION_COMMENTS = YES;
				CLANG_WARN_EMPTY_BODY = YES;
				CLANG_WARN_ENUM_CONVERSION = YES;
				CLANG_WARN_INFINITE_RECURSION = YES;
				CLANG_WARN_INT_CONVERSION = YES;
				CLANG_WARN_NON_LITERAL_NULL_CONVERSION = YES;
				CLANG_WARN_OBJC_IMPLICIT_RETAIN_SELF = YES;
				CLANG_WARN_OBJC_LITERAL_CONVERSION = YES;
				CLANG_WARN_OBJC_ROOT_CLASS = YES_ERROR;
				CLANG_WARN_QUOTED_INCLUDE_IN_FRAMEWORK_HEADER = YES;
				CLANG_WARN_RANGE_LOOP_ANALYSIS = YES;
				CLANG_WARN_STRICT_PROTOTYPES = YES;
				CLANG_WARN_SUSPICIOUS_MOVE = YES;
				CLANG_WARN_UNGUARDED_AVAILABILITY = YES_AGGRESSIVE;
				CLANG_WARN_UNREACHABLE_CODE = YES;
				CLANG_WARN__DUPLICATE_METHOD_MATCH = YES;
				COPY_PHASE_STRIP = NO;
				DEBUG_INFORMATION_FORMAT = "dwarf-with-dsym";
				ENABLE_NS_ASSERTIONS = NO;
				ENABLE_STRICT_OBJC_MSGSEND = YES;
				GCC_C_LANGUAGE_STANDARD = gnu11;
				GCC_NO_COMMON_BLOCKS = YES;
				GCC_WARN_64_TO_32_BIT_CONVERSION = YES;
				GCC_WARN_ABOUT_RETURN_TYPE = YES_ERROR;
				GCC_WARN_UNDECLARED_SELECTOR = YES;
				GCC_WARN_UNINITIALIZED_AUTOS = YES_AGGRESSIVE;
				GCC_WARN_UNUSED_FUNCTION = YES;
				GCC_WARN_UNUSED_VARIABLE = YES;
				IPHONEOS_DEPLOYMENT_TARGET = 15.5;
				MTL_ENABLE_DEBUG_INFO = NO;
				MTL_FAST_MATH = YES;
				SDKROOT = iphoneos;
				SWIFT_COMPILATION_MODE = wholemodule;
				SWIFT_OPTIMIZATION_LEVEL = "-O";
				VALIDATE_PRODUCT = YES;
			};
			name = Release;
		};
		63476E0D287FDB50005F322C /* Debug */ = {
			isa = XCBuildConfiguration;
			buildSettings = {
				ASSETCATALOG_COMPILER_APPICON_NAME = AppIcon;
				ASSETCATALOG_COMPILER_GLOBAL_ACCENT_COLOR_NAME = AccentColor;
				CODE_SIGN_STYLE = Automatic;
				CURRENT_PROJECT_VERSION = 1;
				DEVELOPMENT_TEAM = A8UX99CMMW;
				GENERATE_INFOPLIST_FILE = YES;
				INFOPLIST_FILE = DiscussionForum/Info.plist;
				INFOPLIST_KEY_UIApplicationSupportsIndirectInputEvents = YES;
				INFOPLIST_KEY_UILaunchStoryboardName = LaunchScreen;
				INFOPLIST_KEY_UIMainStoryboardFile = Main;
				INFOPLIST_KEY_UISupportedInterfaceOrientations_iPad = "UIInterfaceOrientationPortrait UIInterfaceOrientationPortraitUpsideDown UIInterfaceOrientationLandscapeLeft UIInterfaceOrientationLandscapeRight";
				INFOPLIST_KEY_UISupportedInterfaceOrientations_iPhone = "UIInterfaceOrientationPortrait UIInterfaceOrientationLandscapeLeft UIInterfaceOrientationLandscapeRight";
				LD_RUNPATH_SEARCH_PATHS = (
					"$(inherited)",
					"@executable_path/Frameworks",
				);
				MARKETING_VERSION = 1.0;
				PRODUCT_BUNDLE_IDENTIFIER = com.kautsya.DiscussionForum;
				PRODUCT_NAME = "$(TARGET_NAME)";
				SWIFT_EMIT_LOC_STRINGS = YES;
				SWIFT_VERSION = 5.0;
				TARGETED_DEVICE_FAMILY = "1,2";
			};
			name = Debug;
		};
		63476E0E287FDB50005F322C /* Release */ = {
			isa = XCBuildConfiguration;
			buildSettings = {
				ASSETCATALOG_COMPILER_APPICON_NAME = AppIcon;
				ASSETCATALOG_COMPILER_GLOBAL_ACCENT_COLOR_NAME = AccentColor;
				CODE_SIGN_STYLE = Automatic;
				CURRENT_PROJECT_VERSION = 1;
				DEVELOPMENT_TEAM = A8UX99CMMW;
				GENERATE_INFOPLIST_FILE = YES;
				INFOPLIST_FILE = DiscussionForum/Info.plist;
				INFOPLIST_KEY_UIApplicationSupportsIndirectInputEvents = YES;
				INFOPLIST_KEY_UILaunchStoryboardName = LaunchScreen;
				INFOPLIST_KEY_UIMainStoryboardFile = Main;
				INFOPLIST_KEY_UISupportedInterfaceOrientations_iPad = "UIInterfaceOrientationPortrait UIInterfaceOrientationPortraitUpsideDown UIInterfaceOrientationLandscapeLeft UIInterfaceOrientationLandscapeRight";
				INFOPLIST_KEY_UISupportedInterfaceOrientations_iPhone = "UIInterfaceOrientationPortrait UIInterfaceOrientationLandscapeLeft UIInterfaceOrientationLandscapeRight";
				LD_RUNPATH_SEARCH_PATHS = (
					"$(inherited)",
					"@executable_path/Frameworks",
				);
				MARKETING_VERSION = 1.0;
				PRODUCT_BUNDLE_IDENTIFIER = com.kautsya.DiscussionForum;
				PRODUCT_NAME = "$(TARGET_NAME)";
				SWIFT_EMIT_LOC_STRINGS = YES;
				SWIFT_VERSION = 5.0;
				TARGETED_DEVICE_FAMILY = "1,2";
			};
			name = Release;
		};
/* End XCBuildConfiguration section */

/* Begin XCConfigurationList section */
		63476DF3287FDB4E005F322C /* Build configuration list for PBXProject "DiscussionForum" */ = {
			isa = XCConfigurationList;
			buildConfigurations = (
				63476E0A287FDB50005F322C /* Debug */,
				63476E0B287FDB50005F322C /* Release */,
			);
			defaultConfigurationIsVisible = 0;
			defaultConfigurationName = Release;
		};
		63476E0C287FDB50005F322C /* Build configuration list for PBXNativeTarget "DiscussionForum" */ = {
			isa = XCConfigurationList;
			buildConfigurations = (
				63476E0D287FDB50005F322C /* Debug */,
				63476E0E287FDB50005F322C /* Release */,
			);
			defaultConfigurationIsVisible = 0;
			defaultConfigurationName = Release;
		};
/* End XCConfigurationList section */
	};
	rootObject = 63476DF0287FDB4E005F322C /* Project object */;
}
